// !$*UTF8*$!
{
	archiveVersion = 1;
	classes = {
	};
	objectVersion = 48;
	objects = {

/* Begin PBXBuildFile section */
		A085F47F8F7341668BD9F462 /* Pods_FeedStarTests.framework in Frameworks */ = {isa = PBXBuildFile; fileRef = B85E40BB7E021F2E16662A23 /* Pods_FeedStarTests.framework */; };
		C5C3EE894B41CDD34D59AAF3 /* Pods_FeedStar.framework in Frameworks */ = {isa = PBXBuildFile; fileRef = 9C9E9870D7EFB4C9A69F999B /* Pods_FeedStar.framework */; };
		E505883020694A1200C23994 /* FeedStarUITests.swift in Sources */ = {isa = PBXBuildFile; fileRef = E505882F20694A1200C23994 /* FeedStarUITests.swift */; };
		E522F8A9205534AB008DE59B /* AppDelegate.swift in Sources */ = {isa = PBXBuildFile; fileRef = E522F8A8205534AB008DE59B /* AppDelegate.swift */; };
		E522F8AB205534AB008DE59B /* ViewController.swift in Sources */ = {isa = PBXBuildFile; fileRef = E522F8AA205534AB008DE59B /* ViewController.swift */; };
		E522F8AE205534AB008DE59B /* Main.storyboard in Resources */ = {isa = PBXBuildFile; fileRef = E522F8AC205534AB008DE59B /* Main.storyboard */; };
		E522F8B0205534AB008DE59B /* Assets.xcassets in Resources */ = {isa = PBXBuildFile; fileRef = E522F8AF205534AB008DE59B /* Assets.xcassets */; };
		E522F8B3205534AB008DE59B /* LaunchScreen.storyboard in Resources */ = {isa = PBXBuildFile; fileRef = E522F8B1205534AB008DE59B /* LaunchScreen.storyboard */; };
		E58B19EA20669951000F6600 /* FeedStarTests.swift in Sources */ = {isa = PBXBuildFile; fileRef = E58B19E920669951000F6600 /* FeedStarTests.swift */; };
		E58B19F02066A2D4000F6600 /* SecondViewController.swift in Sources */ = {isa = PBXBuildFile; fileRef = E58B19EF2066A2D4000F6600 /* SecondViewController.swift */; };
		E58B19FC2067EDA3000F6600 /* UIViewController+Utils.swift in Sources */ = {isa = PBXBuildFile; fileRef = E58B19EC20669F6E000F6600 /* UIViewController+Utils.swift */; };
/* End PBXBuildFile section */

/* Begin PBXContainerItemProxy section */
		E505883220694A1200C23994 /* PBXContainerItemProxy */ = {
			isa = PBXContainerItemProxy;
			containerPortal = E522F89D205534AB008DE59B /* Project object */;
			proxyType = 1;
			remoteGlobalIDString = E522F8A4205534AB008DE59B;
			remoteInfo = FeedStar;
		};
		E58B19E3206698FF000F6600 /* PBXContainerItemProxy */ = {
			isa = PBXContainerItemProxy;
			containerPortal = E522F89D205534AB008DE59B /* Project object */;
			proxyType = 1;
			remoteGlobalIDString = E522F8A4205534AB008DE59B;
			remoteInfo = FeedStar;
		};
/* End PBXContainerItemProxy section */

/* Begin PBXFileReference section */
		051016A590F8FF0B8EEF9B79 /* Pods-FeedStarTests.adhoc.xcconfig */ = {isa = PBXFileReference; includeInIndex = 1; lastKnownFileType = text.xcconfig; name = "Pods-FeedStarTests.adhoc.xcconfig"; path = "Pods/Target Support Files/Pods-FeedStarTests/Pods-FeedStarTests.adhoc.xcconfig"; sourceTree = "<group>"; };
		539730B667CBCF2DF7B919AE /* Pods-FeedStarTests.debug.xcconfig */ = {isa = PBXFileReference; includeInIndex = 1; lastKnownFileType = text.xcconfig; name = "Pods-FeedStarTests.debug.xcconfig"; path = "Pods/Target Support Files/Pods-FeedStarTests/Pods-FeedStarTests.debug.xcconfig"; sourceTree = "<group>"; };
		5588387EF6095BB8884AAD53 /* Pods-FeedStar.release.xcconfig */ = {isa = PBXFileReference; includeInIndex = 1; lastKnownFileType = text.xcconfig; name = "Pods-FeedStar.release.xcconfig"; path = "Pods/Target Support Files/Pods-FeedStar/Pods-FeedStar.release.xcconfig"; sourceTree = "<group>"; };
		615003EC628E4C86DEA07EF5 /* Pods-FeedStarTests.release.xcconfig */ = {isa = PBXFileReference; includeInIndex = 1; lastKnownFileType = text.xcconfig; name = "Pods-FeedStarTests.release.xcconfig"; path = "Pods/Target Support Files/Pods-FeedStarTests/Pods-FeedStarTests.release.xcconfig"; sourceTree = "<group>"; };
		9C9E9870D7EFB4C9A69F999B /* Pods_FeedStar.framework */ = {isa = PBXFileReference; explicitFileType = wrapper.framework; includeInIndex = 0; path = Pods_FeedStar.framework; sourceTree = BUILT_PRODUCTS_DIR; };
		B85E40BB7E021F2E16662A23 /* Pods_FeedStarTests.framework */ = {isa = PBXFileReference; explicitFileType = wrapper.framework; includeInIndex = 0; path = Pods_FeedStarTests.framework; sourceTree = BUILT_PRODUCTS_DIR; };
		E505882D20694A1200C23994 /* FeedStarUITests.xctest */ = {isa = PBXFileReference; explicitFileType = wrapper.cfbundle; includeInIndex = 0; path = FeedStarUITests.xctest; sourceTree = BUILT_PRODUCTS_DIR; };
		E505882F20694A1200C23994 /* FeedStarUITests.swift */ = {isa = PBXFileReference; lastKnownFileType = sourcecode.swift; path = FeedStarUITests.swift; sourceTree = "<group>"; };
		E505883120694A1200C23994 /* Info.plist */ = {isa = PBXFileReference; lastKnownFileType = text.plist.xml; path = Info.plist; sourceTree = "<group>"; };
		E522F8A5205534AB008DE59B /* FeedStar.app */ = {isa = PBXFileReference; explicitFileType = wrapper.application; includeInIndex = 0; path = FeedStar.app; sourceTree = BUILT_PRODUCTS_DIR; };
		E522F8A8205534AB008DE59B /* AppDelegate.swift */ = {isa = PBXFileReference; lastKnownFileType = sourcecode.swift; path = AppDelegate.swift; sourceTree = "<group>"; };
		E522F8AA205534AB008DE59B /* ViewController.swift */ = {isa = PBXFileReference; lastKnownFileType = sourcecode.swift; path = ViewController.swift; sourceTree = "<group>"; };
		E522F8AD205534AB008DE59B /* Base */ = {isa = PBXFileReference; lastKnownFileType = file.storyboard; name = Base; path = Base.lproj/Main.storyboard; sourceTree = "<group>"; };
		E522F8AF205534AB008DE59B /* Assets.xcassets */ = {isa = PBXFileReference; lastKnownFileType = folder.assetcatalog; path = Assets.xcassets; sourceTree = "<group>"; };
		E522F8B2205534AB008DE59B /* Base */ = {isa = PBXFileReference; lastKnownFileType = file.storyboard; name = Base; path = Base.lproj/LaunchScreen.storyboard; sourceTree = "<group>"; };
		E522F8B4205534AB008DE59B /* Info.plist */ = {isa = PBXFileReference; lastKnownFileType = text.plist.xml; path = Info.plist; sourceTree = "<group>"; };
		E573CE4B205AABDB0060715B /* Config.Debug.xcconfig */ = {isa = PBXFileReference; lastKnownFileType = text.xcconfig; path = Config.Debug.xcconfig; sourceTree = "<group>"; };
		E573CE4C205AABEF0060715B /* Config.Adhoc.xcconfig */ = {isa = PBXFileReference; lastKnownFileType = text.xcconfig; path = Config.Adhoc.xcconfig; sourceTree = "<group>"; };
		E573CE4D205AAC0A0060715B /* Config.Store.xcconfig */ = {isa = PBXFileReference; lastKnownFileType = text.xcconfig; path = Config.Store.xcconfig; sourceTree = "<group>"; };
		E58B19DE206698FE000F6600 /* FeedStarTests.xctest */ = {isa = PBXFileReference; explicitFileType = wrapper.cfbundle; includeInIndex = 0; path = FeedStarTests.xctest; sourceTree = BUILT_PRODUCTS_DIR; };
		E58B19E2206698FF000F6600 /* Info.plist */ = {isa = PBXFileReference; lastKnownFileType = text.plist.xml; path = Info.plist; sourceTree = "<group>"; };
		E58B19E920669951000F6600 /* FeedStarTests.swift */ = {isa = PBXFileReference; fileEncoding = 4; lastKnownFileType = sourcecode.swift; path = FeedStarTests.swift; sourceTree = "<group>"; };
		E58B19EC20669F6E000F6600 /* UIViewController+Utils.swift */ = {isa = PBXFileReference; lastKnownFileType = sourcecode.swift; path = "UIViewController+Utils.swift"; sourceTree = "<group>"; };
		E58B19EF2066A2D4000F6600 /* SecondViewController.swift */ = {isa = PBXFileReference; lastKnownFileType = sourcecode.swift; path = SecondViewController.swift; sourceTree = "<group>"; };
		FAE46E346A3AE9281458A175 /* Pods-FeedStar.debug.xcconfig */ = {isa = PBXFileReference; includeInIndex = 1; lastKnownFileType = text.xcconfig; name = "Pods-FeedStar.debug.xcconfig"; path = "Pods/Target Support Files/Pods-FeedStar/Pods-FeedStar.debug.xcconfig"; sourceTree = "<group>"; };
/* End PBXFileReference section */

/* Begin PBXFrameworksBuildPhase section */
		E505882A20694A1200C23994 /* Frameworks */ = {
			isa = PBXFrameworksBuildPhase;
			buildActionMask = 2147483647;
			files = (
			);
			runOnlyForDeploymentPostprocessing = 0;
		};
		E522F8A2205534AB008DE59B /* Frameworks */ = {
			isa = PBXFrameworksBuildPhase;
			buildActionMask = 2147483647;
			files = (
				C5C3EE894B41CDD34D59AAF3 /* Pods_FeedStar.framework in Frameworks */,
			);
			runOnlyForDeploymentPostprocessing = 0;
		};
		E58B19DB206698FE000F6600 /* Frameworks */ = {
			isa = PBXFrameworksBuildPhase;
			buildActionMask = 2147483647;
			files = (
				A085F47F8F7341668BD9F462 /* Pods_FeedStarTests.framework in Frameworks */,
			);
			runOnlyForDeploymentPostprocessing = 0;
		};
/* End PBXFrameworksBuildPhase section */

/* Begin PBXGroup section */
		49D8085A4C7A429B5F3CBF87 /* Frameworks */ = {
			isa = PBXGroup;
			children = (
				9C9E9870D7EFB4C9A69F999B /* Pods_FeedStar.framework */,
				B85E40BB7E021F2E16662A23 /* Pods_FeedStarTests.framework */,
			);
			name = Frameworks;
			sourceTree = "<group>";
		};
		7FCF9E99946DA878DFAE662A /* Pods */ = {
			isa = PBXGroup;
			children = (
				FAE46E346A3AE9281458A175 /* Pods-FeedStar.debug.xcconfig */,
				5588387EF6095BB8884AAD53 /* Pods-FeedStar.release.xcconfig */,
				539730B667CBCF2DF7B919AE /* Pods-FeedStarTests.debug.xcconfig */,
				615003EC628E4C86DEA07EF5 /* Pods-FeedStarTests.release.xcconfig */,
				051016A590F8FF0B8EEF9B79 /* Pods-FeedStarTests.adhoc.xcconfig */,
			);
			name = Pods;
			sourceTree = "<group>";
		};
		E505882E20694A1200C23994 /* FeedStarUITests */ = {
			isa = PBXGroup;
			children = (
				E505882F20694A1200C23994 /* FeedStarUITests.swift */,
				E505883120694A1200C23994 /* Info.plist */,
			);
			path = FeedStarUITests;
			sourceTree = "<group>";
		};
		E522F89C205534AB008DE59B = {
			isa = PBXGroup;
			children = (
				E53435D7205E7FEE008F5371 /* Config */,
				E522F8A7205534AB008DE59B /* FeedStar */,
				E58B19DF206698FF000F6600 /* FeedStarTests */,
				E505882E20694A1200C23994 /* FeedStarUITests */,
				E522F8A6205534AB008DE59B /* Products */,
				7FCF9E99946DA878DFAE662A /* Pods */,
				49D8085A4C7A429B5F3CBF87 /* Frameworks */,
			);
			sourceTree = "<group>";
		};
		E522F8A6205534AB008DE59B /* Products */ = {
			isa = PBXGroup;
			children = (
				E522F8A5205534AB008DE59B /* FeedStar.app */,
				E58B19DE206698FE000F6600 /* FeedStarTests.xctest */,
				E505882D20694A1200C23994 /* FeedStarUITests.xctest */,
			);
			name = Products;
			sourceTree = "<group>";
		};
		E522F8A7205534AB008DE59B /* FeedStar */ = {
			isa = PBXGroup;
			children = (
				E58B19EC20669F6E000F6600 /* UIViewController+Utils.swift */,
				E522F8A8205534AB008DE59B /* AppDelegate.swift */,
				E522F8AA205534AB008DE59B /* ViewController.swift */,
				E522F8AC205534AB008DE59B /* Main.storyboard */,
				E522F8AF205534AB008DE59B /* Assets.xcassets */,
				E522F8B1205534AB008DE59B /* LaunchScreen.storyboard */,
				E522F8B4205534AB008DE59B /* Info.plist */,
				E58B19EF2066A2D4000F6600 /* SecondViewController.swift */,
			);
			path = FeedStar;
			sourceTree = "<group>";
		};
		E53435D7205E7FEE008F5371 /* Config */ = {
			isa = PBXGroup;
			children = (
				E573CE4D205AAC0A0060715B /* Config.Store.xcconfig */,
				E573CE4C205AABEF0060715B /* Config.Adhoc.xcconfig */,
				E573CE4B205AABDB0060715B /* Config.Debug.xcconfig */,
			);
			path = Config;
			sourceTree = "<group>";
		};
		E58B19DF206698FF000F6600 /* FeedStarTests */ = {
			isa = PBXGroup;
			children = (
				E58B19E920669951000F6600 /* FeedStarTests.swift */,
				E58B19E2206698FF000F6600 /* Info.plist */,
			);
			path = FeedStarTests;
			sourceTree = "<group>";
		};
/* End PBXGroup section */

/* Begin PBXNativeTarget section */
		E505882C20694A1200C23994 /* FeedStarUITests */ = {
			isa = PBXNativeTarget;
			buildConfigurationList = E505883720694A1200C23994 /* Build configuration list for PBXNativeTarget "FeedStarUITests" */;
			buildPhases = (
				E505882920694A1200C23994 /* Sources */,
				E505882A20694A1200C23994 /* Frameworks */,
				E505882B20694A1200C23994 /* Resources */,
			);
			buildRules = (
			);
			dependencies = (
				E505883320694A1200C23994 /* PBXTargetDependency */,
			);
			name = FeedStarUITests;
			productName = FeedStarUITests;
			productReference = E505882D20694A1200C23994 /* FeedStarUITests.xctest */;
			productType = "com.apple.product-type.bundle.ui-testing";
		};
		E522F8A4205534AB008DE59B /* FeedStar */ = {
			isa = PBXNativeTarget;
			buildConfigurationList = E522F8C2205534AB008DE59B /* Build configuration list for PBXNativeTarget "FeedStar" */;
			buildPhases = (
				AD5180FC9B1A4DFDC92506AE /* [CP] Check Pods Manifest.lock */,
				E522F8A1205534AB008DE59B /* Sources */,
				E522F8A2205534AB008DE59B /* Frameworks */,
				E522F8A3205534AB008DE59B /* Resources */,
				1101303BCE956F01D36B3F6C /* [CP] Embed Pods Frameworks */,
				FC5B241378A77ED1FA201F16 /* [CP] Copy Pods Resources */,
			);
			buildRules = (
			);
			dependencies = (
			);
			name = FeedStar;
			productName = FeedStar;
			productReference = E522F8A5205534AB008DE59B /* FeedStar.app */;
			productType = "com.apple.product-type.application";
		};
		E58B19DD206698FE000F6600 /* FeedStarTests */ = {
			isa = PBXNativeTarget;
			buildConfigurationList = E58B19E5206698FF000F6600 /* Build configuration list for PBXNativeTarget "FeedStarTests" */;
			buildPhases = (
				7466DA463B349EBD7FE321A2 /* [CP] Check Pods Manifest.lock */,
				E58B19DA206698FE000F6600 /* Sources */,
				E58B19DB206698FE000F6600 /* Frameworks */,
				E58B19DC206698FE000F6600 /* Resources */,
				C7E00AAE7CC3E0971B912D31 /* [CP] Embed Pods Frameworks */,
				FE3612DDFBB2210911648F01 /* [CP] Copy Pods Resources */,
			);
			buildRules = (
			);
			dependencies = (
				E58B19E4206698FF000F6600 /* PBXTargetDependency */,
			);
			name = FeedStarTests;
			productName = FeedStarTests;
			productReference = E58B19DE206698FE000F6600 /* FeedStarTests.xctest */;
			productType = "com.apple.product-type.bundle.unit-test";
		};
/* End PBXNativeTarget section */

/* Begin PBXProject section */
		E522F89D205534AB008DE59B /* Project object */ = {
			isa = PBXProject;
			attributes = {
				LastSwiftUpdateCheck = 0920;
				LastUpgradeCheck = 0920;
				ORGANIZATIONNAME = K.oda;
				TargetAttributes = {
					E505882C20694A1200C23994 = {
						CreatedOnToolsVersion = 9.2;
						ProvisioningStyle = Automatic;
						TestTargetID = E522F8A4205534AB008DE59B;
					};
					E522F8A4205534AB008DE59B = {
						CreatedOnToolsVersion = 9.2;
						ProvisioningStyle = Automatic;
					};
					E58B19DD206698FE000F6600 = {
						CreatedOnToolsVersion = 9.2;
						ProvisioningStyle = Automatic;
						TestTargetID = E522F8A4205534AB008DE59B;
					};
				};
			};
			buildConfigurationList = E522F8A0205534AB008DE59B /* Build configuration list for PBXProject "FeedStar" */;
			compatibilityVersion = "Xcode 8.0";
			developmentRegion = en;
			hasScannedForEncodings = 0;
			knownRegions = (
				en,
				Base,
			);
			mainGroup = E522F89C205534AB008DE59B;
			productRefGroup = E522F8A6205534AB008DE59B /* Products */;
			projectDirPath = "";
			projectRoot = "";
			targets = (
				E522F8A4205534AB008DE59B /* FeedStar */,
				E58B19DD206698FE000F6600 /* FeedStarTests */,
				E505882C20694A1200C23994 /* FeedStarUITests */,
			);
		};
/* End PBXProject section */

/* Begin PBXResourcesBuildPhase section */
		E505882B20694A1200C23994 /* Resources */ = {
			isa = PBXResourcesBuildPhase;
			buildActionMask = 2147483647;
			files = (
			);
			runOnlyForDeploymentPostprocessing = 0;
		};
		E522F8A3205534AB008DE59B /* Resources */ = {
			isa = PBXResourcesBuildPhase;
			buildActionMask = 2147483647;
			files = (
				E522F8B3205534AB008DE59B /* LaunchScreen.storyboard in Resources */,
				E522F8B0205534AB008DE59B /* Assets.xcassets in Resources */,
				E522F8AE205534AB008DE59B /* Main.storyboard in Resources */,
			);
			runOnlyForDeploymentPostprocessing = 0;
		};
		E58B19DC206698FE000F6600 /* Resources */ = {
			isa = PBXResourcesBuildPhase;
			buildActionMask = 2147483647;
			files = (
			);
			runOnlyForDeploymentPostprocessing = 0;
		};
/* End PBXResourcesBuildPhase section */

/* Begin PBXShellScriptBuildPhase section */
		1101303BCE956F01D36B3F6C /* [CP] Embed Pods Frameworks */ = {
			isa = PBXShellScriptBuildPhase;
			buildActionMask = 2147483647;
			files = (
			);
			inputPaths = (
				"${SRCROOT}/Pods/Target Support Files/Pods-FeedStar/Pods-FeedStar-frameworks.sh",
				"${BUILT_PRODUCTS_DIR}/Alamofire/Alamofire.framework",
				"${BUILT_PRODUCTS_DIR}/AlamofireImage/AlamofireImage.framework",
				"${BUILT_PRODUCTS_DIR}/AlamofireObjectMapper/AlamofireObjectMapper.framework",
				"${BUILT_PRODUCTS_DIR}/FeedKit/FeedKit.framework",
				"${BUILT_PRODUCTS_DIR}/ObjectMapper/ObjectMapper.framework",
				"${BUILT_PRODUCTS_DIR}/Realm/Realm.framework",
				"${BUILT_PRODUCTS_DIR}/RealmSwift/RealmSwift.framework",
				"${BUILT_PRODUCTS_DIR}/RxCocoa/RxCocoa.framework",
				"${BUILT_PRODUCTS_DIR}/RxSwift/RxSwift.framework",
				"${BUILT_PRODUCTS_DIR}/SwiftyJSON/SwiftyJSON.framework",
			);
			name = "[CP] Embed Pods Frameworks";
			outputPaths = (
				"${TARGET_BUILD_DIR}/${FRAMEWORKS_FOLDER_PATH}/Alamofire.framework",
				"${TARGET_BUILD_DIR}/${FRAMEWORKS_FOLDER_PATH}/AlamofireImage.framework",
				"${TARGET_BUILD_DIR}/${FRAMEWORKS_FOLDER_PATH}/AlamofireObjectMapper.framework",
				"${TARGET_BUILD_DIR}/${FRAMEWORKS_FOLDER_PATH}/FeedKit.framework",
				"${TARGET_BUILD_DIR}/${FRAMEWORKS_FOLDER_PATH}/ObjectMapper.framework",
				"${TARGET_BUILD_DIR}/${FRAMEWORKS_FOLDER_PATH}/Realm.framework",
				"${TARGET_BUILD_DIR}/${FRAMEWORKS_FOLDER_PATH}/RealmSwift.framework",
				"${TARGET_BUILD_DIR}/${FRAMEWORKS_FOLDER_PATH}/RxCocoa.framework",
				"${TARGET_BUILD_DIR}/${FRAMEWORKS_FOLDER_PATH}/RxSwift.framework",
				"${TARGET_BUILD_DIR}/${FRAMEWORKS_FOLDER_PATH}/SwiftyJSON.framework",
			);
			runOnlyForDeploymentPostprocessing = 0;
			shellPath = /bin/sh;
			shellScript = "\"${SRCROOT}/Pods/Target Support Files/Pods-FeedStar/Pods-FeedStar-frameworks.sh\"\n";
			showEnvVarsInLog = 0;
		};
		7466DA463B349EBD7FE321A2 /* [CP] Check Pods Manifest.lock */ = {
			isa = PBXShellScriptBuildPhase;
			buildActionMask = 2147483647;
			files = (
			);
			inputPaths = (
				"${PODS_PODFILE_DIR_PATH}/Podfile.lock",
				"${PODS_ROOT}/Manifest.lock",
			);
			name = "[CP] Check Pods Manifest.lock";
			outputPaths = (
				"$(DERIVED_FILE_DIR)/Pods-FeedStarTests-checkManifestLockResult.txt",
			);
			runOnlyForDeploymentPostprocessing = 0;
			shellPath = /bin/sh;
			shellScript = "diff \"${PODS_PODFILE_DIR_PATH}/Podfile.lock\" \"${PODS_ROOT}/Manifest.lock\" > /dev/null\nif [ $? != 0 ] ; then\n    # print error to STDERR\n    echo \"error: The sandbox is not in sync with the Podfile.lock. Run 'pod install' or update your CocoaPods installation.\" >&2\n    exit 1\nfi\n# This output is used by Xcode 'outputs' to avoid re-running this script phase.\necho \"SUCCESS\" > \"${SCRIPT_OUTPUT_FILE_0}\"\n";
			showEnvVarsInLog = 0;
		};
		AD5180FC9B1A4DFDC92506AE /* [CP] Check Pods Manifest.lock */ = {
			isa = PBXShellScriptBuildPhase;
			buildActionMask = 2147483647;
			files = (
			);
			inputPaths = (
				"${PODS_PODFILE_DIR_PATH}/Podfile.lock",
				"${PODS_ROOT}/Manifest.lock",
			);
			name = "[CP] Check Pods Manifest.lock";
			outputPaths = (
				"$(DERIVED_FILE_DIR)/Pods-FeedStar-checkManifestLockResult.txt",
			);
			runOnlyForDeploymentPostprocessing = 0;
			shellPath = /bin/sh;
			shellScript = "diff \"${PODS_PODFILE_DIR_PATH}/Podfile.lock\" \"${PODS_ROOT}/Manifest.lock\" > /dev/null\nif [ $? != 0 ] ; then\n    # print error to STDERR\n    echo \"error: The sandbox is not in sync with the Podfile.lock. Run 'pod install' or update your CocoaPods installation.\" >&2\n    exit 1\nfi\n# This output is used by Xcode 'outputs' to avoid re-running this script phase.\necho \"SUCCESS\" > \"${SCRIPT_OUTPUT_FILE_0}\"\n";
			showEnvVarsInLog = 0;
		};
		C7E00AAE7CC3E0971B912D31 /* [CP] Embed Pods Frameworks */ = {
			isa = PBXShellScriptBuildPhase;
			buildActionMask = 2147483647;
			files = (
			);
			inputPaths = (
				"${SRCROOT}/Pods/Target Support Files/Pods-FeedStarTests/Pods-FeedStarTests-frameworks.sh",
				"${BUILT_PRODUCTS_DIR}/RxSwift/RxSwift.framework",
				"${BUILT_PRODUCTS_DIR}/RxBlocking/RxBlocking.framework",
				"${BUILT_PRODUCTS_DIR}/RxTest/RxTest.framework",
			);
			name = "[CP] Embed Pods Frameworks";
			outputPaths = (
				"${TARGET_BUILD_DIR}/${FRAMEWORKS_FOLDER_PATH}/RxSwift.framework",
				"${TARGET_BUILD_DIR}/${FRAMEWORKS_FOLDER_PATH}/RxBlocking.framework",
				"${TARGET_BUILD_DIR}/${FRAMEWORKS_FOLDER_PATH}/RxTest.framework",
			);
			runOnlyForDeploymentPostprocessing = 0;
			shellPath = /bin/sh;
			shellScript = "\"${SRCROOT}/Pods/Target Support Files/Pods-FeedStarTests/Pods-FeedStarTests-frameworks.sh\"\n";
			showEnvVarsInLog = 0;
		};
		FC5B241378A77ED1FA201F16 /* [CP] Copy Pods Resources */ = {
			isa = PBXShellScriptBuildPhase;
			buildActionMask = 2147483647;
			files = (
			);
			inputPaths = (
			);
			name = "[CP] Copy Pods Resources";
			outputPaths = (
			);
			runOnlyForDeploymentPostprocessing = 0;
			shellPath = /bin/sh;
			shellScript = "\"${SRCROOT}/Pods/Target Support Files/Pods-FeedStar/Pods-FeedStar-resources.sh\"\n";
			showEnvVarsInLog = 0;
		};
		FE3612DDFBB2210911648F01 /* [CP] Copy Pods Resources */ = {
			isa = PBXShellScriptBuildPhase;
			buildActionMask = 2147483647;
			files = (
			);
			inputPaths = (
			);
			name = "[CP] Copy Pods Resources";
			outputPaths = (
			);
			runOnlyForDeploymentPostprocessing = 0;
			shellPath = /bin/sh;
			shellScript = "\"${SRCROOT}/Pods/Target Support Files/Pods-FeedStarTests/Pods-FeedStarTests-resources.sh\"\n";
			showEnvVarsInLog = 0;
		};
/* End PBXShellScriptBuildPhase section */

/* Begin PBXSourcesBuildPhase section */
		E505882920694A1200C23994 /* Sources */ = {
			isa = PBXSourcesBuildPhase;
			buildActionMask = 2147483647;
			files = (
				E505883020694A1200C23994 /* FeedStarUITests.swift in Sources */,
			);
			runOnlyForDeploymentPostprocessing = 0;
		};
		E522F8A1205534AB008DE59B /* Sources */ = {
			isa = PBXSourcesBuildPhase;
			buildActionMask = 2147483647;
			files = (
				E58B19FC2067EDA3000F6600 /* UIViewController+Utils.swift in Sources */,
				E58B19F02066A2D4000F6600 /* SecondViewController.swift in Sources */,
				E522F8AB205534AB008DE59B /* ViewController.swift in Sources */,
				E522F8A9205534AB008DE59B /* AppDelegate.swift in Sources */,
			);
			runOnlyForDeploymentPostprocessing = 0;
		};
		E58B19DA206698FE000F6600 /* Sources */ = {
			isa = PBXSourcesBuildPhase;
			buildActionMask = 2147483647;
			files = (
				E58B19EA20669951000F6600 /* FeedStarTests.swift in Sources */,
			);
			runOnlyForDeploymentPostprocessing = 0;
		};
/* End PBXSourcesBuildPhase section */

/* Begin PBXTargetDependency section */
		E505883320694A1200C23994 /* PBXTargetDependency */ = {
			isa = PBXTargetDependency;
			target = E522F8A4205534AB008DE59B /* FeedStar */;
			targetProxy = E505883220694A1200C23994 /* PBXContainerItemProxy */;
		};
		E58B19E4206698FF000F6600 /* PBXTargetDependency */ = {
			isa = PBXTargetDependency;
			target = E522F8A4205534AB008DE59B /* FeedStar */;
			targetProxy = E58B19E3206698FF000F6600 /* PBXContainerItemProxy */;
		};
/* End PBXTargetDependency section */

/* Begin PBXVariantGroup section */
		E522F8AC205534AB008DE59B /* Main.storyboard */ = {
			isa = PBXVariantGroup;
			children = (
				E522F8AD205534AB008DE59B /* Base */,
			);
			name = Main.storyboard;
			sourceTree = "<group>";
		};
		E522F8B1205534AB008DE59B /* LaunchScreen.storyboard */ = {
			isa = PBXVariantGroup;
			children = (
				E522F8B2205534AB008DE59B /* Base */,
			);
			name = LaunchScreen.storyboard;
			sourceTree = "<group>";
		};
/* End PBXVariantGroup section */

/* Begin XCBuildConfiguration section */
		E505883420694A1200C23994 /* Debug */ = {
			isa = XCBuildConfiguration;
			buildSettings = {
				CODE_SIGN_STYLE = Automatic;
				DEVELOPMENT_TEAM = 652CM8YVDB;
				INFOPLIST_FILE = FeedStarUITests/Info.plist;
				LD_RUNPATH_SEARCH_PATHS = "$(inherited) @executable_path/Frameworks @loader_path/Frameworks";
				PRODUCT_BUNDLE_IDENTIFIER = oda.kazuya.FeedStarUITests;
				PRODUCT_NAME = "$(TARGET_NAME)";
				SWIFT_VERSION = 4.0;
				TARGETED_DEVICE_FAMILY = "1,2";
				TEST_TARGET_NAME = FeedStar;
			};
			name = Debug;
		};
		E505883520694A1200C23994 /* Release */ = {
			isa = XCBuildConfiguration;
			buildSettings = {
				CODE_SIGN_STYLE = Automatic;
				DEVELOPMENT_TEAM = 652CM8YVDB;
				INFOPLIST_FILE = FeedStarUITests/Info.plist;
				LD_RUNPATH_SEARCH_PATHS = "$(inherited) @executable_path/Frameworks @loader_path/Frameworks";
				PRODUCT_BUNDLE_IDENTIFIER = oda.kazuya.FeedStarUITests;
				PRODUCT_NAME = "$(TARGET_NAME)";
				SWIFT_VERSION = 4.0;
				TARGETED_DEVICE_FAMILY = "1,2";
				TEST_TARGET_NAME = FeedStar;
			};
			name = Release;
		};
		E505883620694A1200C23994 /* Adhoc */ = {
			isa = XCBuildConfiguration;
			buildSettings = {
				CODE_SIGN_STYLE = Automatic;
				DEVELOPMENT_TEAM = 652CM8YVDB;
				INFOPLIST_FILE = FeedStarUITests/Info.plist;
				LD_RUNPATH_SEARCH_PATHS = "$(inherited) @executable_path/Frameworks @loader_path/Frameworks";
				PRODUCT_BUNDLE_IDENTIFIER = oda.kazuya.FeedStarUITests;
				PRODUCT_NAME = "$(TARGET_NAME)";
				SWIFT_VERSION = 4.0;
				TARGETED_DEVICE_FAMILY = "1,2";
				TEST_TARGET_NAME = FeedStar;
			};
			name = Adhoc;
		};
		E522F8C0205534AB008DE59B /* Debug */ = {
			isa = XCBuildConfiguration;
			buildSettings = {
				ALWAYS_SEARCH_USER_PATHS = NO;
				CLANG_ANALYZER_NONNULL = YES;
				CLANG_ANALYZER_NUMBER_OBJECT_CONVERSION = YES_AGGRESSIVE;
				CLANG_CXX_LANGUAGE_STANDARD = "gnu++14";
				CLANG_CXX_LIBRARY = "libc++";
				CLANG_ENABLE_MODULES = YES;
				CLANG_ENABLE_OBJC_ARC = YES;
				CLANG_WARN_BLOCK_CAPTURE_AUTORELEASING = YES;
				CLANG_WARN_BOOL_CONVERSION = YES;
				CLANG_WARN_COMMA = YES;
				CLANG_WARN_CONSTANT_CONVERSION = YES;
				CLANG_WARN_DIRECT_OBJC_ISA_USAGE = YES_ERROR;
				CLANG_WARN_DOCUMENTATION_COMMENTS = YES;
				CLANG_WARN_EMPTY_BODY = YES;
				CLANG_WARN_ENUM_CONVERSION = YES;
				CLANG_WARN_INFINITE_RECURSION = YES;
				CLANG_WARN_INT_CONVERSION = YES;
				CLANG_WARN_NON_LITERAL_NULL_CONVERSION = YES;
				CLANG_WARN_OBJC_LITERAL_CONVERSION = YES;
				CLANG_WARN_OBJC_ROOT_CLASS = YES_ERROR;
				CLANG_WARN_RANGE_LOOP_ANALYSIS = YES;
				CLANG_WARN_STRICT_PROTOTYPES = YES;
				CLANG_WARN_SUSPICIOUS_MOVE = YES;
				CLANG_WARN_UNGUARDED_AVAILABILITY = YES_AGGRESSIVE;
				CLANG_WARN_UNREACHABLE_CODE = YES;
				CLANG_WARN__DUPLICATE_METHOD_MATCH = YES;
				CODE_SIGN_IDENTITY = "iPhone Developer";
				COPY_PHASE_STRIP = NO;
				DEBUG_INFORMATION_FORMAT = dwarf;
				ENABLE_STRICT_OBJC_MSGSEND = YES;
				ENABLE_TESTABILITY = YES;
				GCC_C_LANGUAGE_STANDARD = gnu11;
				GCC_DYNAMIC_NO_PIC = NO;
				GCC_NO_COMMON_BLOCKS = YES;
				GCC_OPTIMIZATION_LEVEL = 0;
				GCC_PREPROCESSOR_DEFINITIONS = (
					"DEBUG=1",
					"$(inherited)",
				);
				GCC_WARN_64_TO_32_BIT_CONVERSION = YES;
				GCC_WARN_ABOUT_RETURN_TYPE = YES_ERROR;
				GCC_WARN_UNDECLARED_SELECTOR = YES;
				GCC_WARN_UNINITIALIZED_AUTOS = YES_AGGRESSIVE;
				GCC_WARN_UNUSED_FUNCTION = YES;
				GCC_WARN_UNUSED_VARIABLE = YES;
				IPHONEOS_DEPLOYMENT_TARGET = 11.2;
				MTL_ENABLE_DEBUG_INFO = YES;
				ONLY_ACTIVE_ARCH = YES;
				OTHER_SWIFT_FLAGS = "";
				SDKROOT = iphoneos;
				SWIFT_ACTIVE_COMPILATION_CONDITIONS = DEBUG;
				SWIFT_OPTIMIZATION_LEVEL = "-Onone";
			};
			name = Debug;
		};
		E522F8C1205534AB008DE59B /* Release */ = {
			isa = XCBuildConfiguration;
			buildSettings = {
				ALWAYS_SEARCH_USER_PATHS = NO;
				CLANG_ANALYZER_NONNULL = YES;
				CLANG_ANALYZER_NUMBER_OBJECT_CONVERSION = YES_AGGRESSIVE;
				CLANG_CXX_LANGUAGE_STANDARD = "gnu++14";
				CLANG_CXX_LIBRARY = "libc++";
				CLANG_ENABLE_MODULES = YES;
				CLANG_ENABLE_OBJC_ARC = YES;
				CLANG_WARN_BLOCK_CAPTURE_AUTORELEASING = YES;
				CLANG_WARN_BOOL_CONVERSION = YES;
				CLANG_WARN_COMMA = YES;
				CLANG_WARN_CONSTANT_CONVERSION = YES;
				CLANG_WARN_DIRECT_OBJC_ISA_USAGE = YES_ERROR;
				CLANG_WARN_DOCUMENTATION_COMMENTS = YES;
				CLANG_WARN_EMPTY_BODY = YES;
				CLANG_WARN_ENUM_CONVERSION = YES;
				CLANG_WARN_INFINITE_RECURSION = YES;
				CLANG_WARN_INT_CONVERSION = YES;
				CLANG_WARN_NON_LITERAL_NULL_CONVERSION = YES;
				CLANG_WARN_OBJC_LITERAL_CONVERSION = YES;
				CLANG_WARN_OBJC_ROOT_CLASS = YES_ERROR;
				CLANG_WARN_RANGE_LOOP_ANALYSIS = YES;
				CLANG_WARN_STRICT_PROTOTYPES = YES;
				CLANG_WARN_SUSPICIOUS_MOVE = YES;
				CLANG_WARN_UNGUARDED_AVAILABILITY = YES_AGGRESSIVE;
				CLANG_WARN_UNREACHABLE_CODE = YES;
				CLANG_WARN__DUPLICATE_METHOD_MATCH = YES;
				CODE_SIGN_IDENTITY = "iPhone Developer";
				COPY_PHASE_STRIP = NO;
				DEBUG_INFORMATION_FORMAT = "dwarf-with-dsym";
				ENABLE_NS_ASSERTIONS = NO;
				ENABLE_STRICT_OBJC_MSGSEND = YES;
				GCC_C_LANGUAGE_STANDARD = gnu11;
				GCC_NO_COMMON_BLOCKS = YES;
				GCC_WARN_64_TO_32_BIT_CONVERSION = YES;
				GCC_WARN_ABOUT_RETURN_TYPE = YES_ERROR;
				GCC_WARN_UNDECLARED_SELECTOR = YES;
				GCC_WARN_UNINITIALIZED_AUTOS = YES_AGGRESSIVE;
				GCC_WARN_UNUSED_FUNCTION = YES;
				GCC_WARN_UNUSED_VARIABLE = YES;
				IPHONEOS_DEPLOYMENT_TARGET = 11.2;
				MTL_ENABLE_DEBUG_INFO = NO;
				OTHER_SWIFT_FLAGS = "";
				SDKROOT = iphoneos;
				SWIFT_OPTIMIZATION_LEVEL = "-Owholemodule";
				VALIDATE_PRODUCT = YES;
			};
			name = Release;
		};
		E522F8C3205534AB008DE59B /* Debug */ = {
			isa = XCBuildConfiguration;
			baseConfigurationReference = E573CE4B205AABDB0060715B /* Config.Debug.xcconfig */;
			buildSettings = {
				ASSETCATALOG_COMPILER_APPICON_NAME = AppIcon;
				CODE_SIGN_STYLE = Automatic;
				DEVELOPMENT_TEAM = 652CM8YVDB;
				GCC_PREPROCESSOR_DEFINITIONS = (
					"$(inherited)",
					"COCOAPODS=1",
				);
				INFOPLIST_FILE = FeedStar/Info.plist;
				LD_RUNPATH_SEARCH_PATHS = "$(inherited) @executable_path/Frameworks";
				PRODUCT_NAME = FeedStar;
				SWIFT_VERSION = 4.0;
				TARGETED_DEVICE_FAMILY = "1,2";
			};
			name = Debug;
		};
		E522F8C4205534AB008DE59B /* Release */ = {
			isa = XCBuildConfiguration;
			baseConfigurationReference = E573CE4D205AAC0A0060715B /* Config.Store.xcconfig */;
			buildSettings = {
				ASSETCATALOG_COMPILER_APPICON_NAME = AppIcon;
				CODE_SIGN_STYLE = Automatic;
				DEVELOPMENT_TEAM = 652CM8YVDB;
				GCC_PREPROCESSOR_DEFINITIONS = (
					"$(inherited)",
					"COCOAPODS=1",
				);
				INFOPLIST_FILE = FeedStar/Info.plist;
				LD_RUNPATH_SEARCH_PATHS = "$(inherited) @executable_path/Frameworks";
				PRODUCT_NAME = FeedStar;
				SWIFT_VERSION = 4.0;
				TARGETED_DEVICE_FAMILY = "1,2";
			};
			name = Release;
		};
		E573CE4E205AACBB0060715B /* Adhoc */ = {
			isa = XCBuildConfiguration;
			buildSettings = {
				ALWAYS_SEARCH_USER_PATHS = NO;
				CLANG_ANALYZER_NONNULL = YES;
				CLANG_ANALYZER_NUMBER_OBJECT_CONVERSION = YES_AGGRESSIVE;
				CLANG_CXX_LANGUAGE_STANDARD = "gnu++14";
				CLANG_CXX_LIBRARY = "libc++";
				CLANG_ENABLE_MODULES = YES;
				CLANG_ENABLE_OBJC_ARC = YES;
				CLANG_WARN_BLOCK_CAPTURE_AUTORELEASING = YES;
				CLANG_WARN_BOOL_CONVERSION = YES;
				CLANG_WARN_COMMA = YES;
				CLANG_WARN_CONSTANT_CONVERSION = YES;
				CLANG_WARN_DIRECT_OBJC_ISA_USAGE = YES_ERROR;
				CLANG_WARN_DOCUMENTATION_COMMENTS = YES;
				CLANG_WARN_EMPTY_BODY = YES;
				CLANG_WARN_ENUM_CONVERSION = YES;
				CLANG_WARN_INFINITE_RECURSION = YES;
				CLANG_WARN_INT_CONVERSION = YES;
				CLANG_WARN_NON_LITERAL_NULL_CONVERSION = YES;
				CLANG_WARN_OBJC_LITERAL_CONVERSION = YES;
				CLANG_WARN_OBJC_ROOT_CLASS = YES_ERROR;
				CLANG_WARN_RANGE_LOOP_ANALYSIS = YES;
				CLANG_WARN_STRICT_PROTOTYPES = YES;
				CLANG_WARN_SUSPICIOUS_MOVE = YES;
				CLANG_WARN_UNGUARDED_AVAILABILITY = YES_AGGRESSIVE;
				CLANG_WARN_UNREACHABLE_CODE = YES;
				CLANG_WARN__DUPLICATE_METHOD_MATCH = YES;
				CODE_SIGN_IDENTITY = "iPhone Developer";
				COPY_PHASE_STRIP = NO;
				DEBUG_INFORMATION_FORMAT = "dwarf-with-dsym";
				ENABLE_NS_ASSERTIONS = NO;
				ENABLE_STRICT_OBJC_MSGSEND = YES;
				GCC_C_LANGUAGE_STANDARD = gnu11;
				GCC_NO_COMMON_BLOCKS = YES;
				GCC_WARN_64_TO_32_BIT_CONVERSION = YES;
				GCC_WARN_ABOUT_RETURN_TYPE = YES_ERROR;
				GCC_WARN_UNDECLARED_SELECTOR = YES;
				GCC_WARN_UNINITIALIZED_AUTOS = YES_AGGRESSIVE;
				GCC_WARN_UNUSED_FUNCTION = YES;
				GCC_WARN_UNUSED_VARIABLE = YES;
				IPHONEOS_DEPLOYMENT_TARGET = 11.2;
				MTL_ENABLE_DEBUG_INFO = NO;
				OTHER_SWIFT_FLAGS = "";
				SDKROOT = iphoneos;
				SWIFT_OPTIMIZATION_LEVEL = "-Owholemodule";
				VALIDATE_PRODUCT = YES;
			};
			name = Adhoc;
		};
		E573CE4F205AACBB0060715B /* Adhoc */ = {
			isa = XCBuildConfiguration;
			baseConfigurationReference = E573CE4C205AABEF0060715B /* Config.Adhoc.xcconfig */;
			buildSettings = {
				ASSETCATALOG_COMPILER_APPICON_NAME = AppIcon;
				CODE_SIGN_STYLE = Automatic;
				DEVELOPMENT_TEAM = 652CM8YVDB;
				GCC_PREPROCESSOR_DEFINITIONS = (
					"$(inherited)",
					"COCOAPODS=1",
				);
				INFOPLIST_FILE = FeedStar/Info.plist;
				LD_RUNPATH_SEARCH_PATHS = "$(inherited) @executable_path/Frameworks";
				PRODUCT_NAME = FeedStar;
				SWIFT_VERSION = 4.0;
				TARGETED_DEVICE_FAMILY = "1,2";
			};
			name = Adhoc;
		};
		E58B19E6206698FF000F6600 /* Debug */ = {
			isa = XCBuildConfiguration;
			baseConfigurationReference = 539730B667CBCF2DF7B919AE /* Pods-FeedStarTests.debug.xcconfig */;
			buildSettings = {
				BUNDLE_LOADER = "$(TEST_HOST)";
				CODE_SIGN_STYLE = Automatic;
				DEVELOPMENT_TEAM = 652CM8YVDB;
				INFOPLIST_FILE = FeedStarTests/Info.plist;
				LD_RUNPATH_SEARCH_PATHS = "$(inherited) @executable_path/Frameworks @loader_path/Frameworks";
				PRODUCT_BUNDLE_IDENTIFIER = oda.kazuya.FeedStarTests;
				PRODUCT_NAME = "$(TARGET_NAME)";
				SWIFT_VERSION = 4.0;
				TARGETED_DEVICE_FAMILY = "1,2";
				TEST_HOST = "$(BUILT_PRODUCTS_DIR)/FeedStar.app/FeedStar";
			};
			name = Debug;
		};
		E58B19E7206698FF000F6600 /* Release */ = {
			isa = XCBuildConfiguration;
			baseConfigurationReference = 615003EC628E4C86DEA07EF5 /* Pods-FeedStarTests.release.xcconfig */;
			buildSettings = {
				BUNDLE_LOADER = "$(TEST_HOST)";
				CODE_SIGN_STYLE = Automatic;
				DEVELOPMENT_TEAM = 652CM8YVDB;
				INFOPLIST_FILE = FeedStarTests/Info.plist;
				LD_RUNPATH_SEARCH_PATHS = "$(inherited) @executable_path/Frameworks @loader_path/Frameworks";
				PRODUCT_BUNDLE_IDENTIFIER = oda.kazuya.FeedStarTests;
				PRODUCT_NAME = "$(TARGET_NAME)";
				SWIFT_VERSION = 4.0;
				TARGETED_DEVICE_FAMILY = "1,2";
				TEST_HOST = "$(BUILT_PRODUCTS_DIR)/FeedStar.app/FeedStar";
			};
			name = Release;
		};
		E58B19E8206698FF000F6600 /* Adhoc */ = {
			isa = XCBuildConfiguration;
			baseConfigurationReference = 051016A590F8FF0B8EEF9B79 /* Pods-FeedStarTests.adhoc.xcconfig */;
			buildSettings = {
				BUNDLE_LOADER = "$(TEST_HOST)";
				CODE_SIGN_STYLE = Automatic;
				DEVELOPMENT_TEAM = 652CM8YVDB;
				INFOPLIST_FILE = FeedStarTests/Info.plist;
				LD_RUNPATH_SEARCH_PATHS = "$(inherited) @executable_path/Frameworks @loader_path/Frameworks";
				PRODUCT_BUNDLE_IDENTIFIER = oda.kazuya.FeedStarTests;
				PRODUCT_NAME = "$(TARGET_NAME)";
				SWIFT_VERSION = 4.0;
				TARGETED_DEVICE_FAMILY = "1,2";
				TEST_HOST = "$(BUILT_PRODUCTS_DIR)/FeedStar.app/FeedStar";
			};
			name = Adhoc;
		};
/* End XCBuildConfiguration section */

/* Begin XCConfigurationList section */
		E505883720694A1200C23994 /* Build configuration list for PBXNativeTarget "FeedStarUITests" */ = {
			isa = XCConfigurationList;
			buildConfigurations = (
				E505883420694A1200C23994 /* Debug */,
				E505883520694A1200C23994 /* Release */,
				E505883620694A1200C23994 /* Adhoc */,
			);
			defaultConfigurationIsVisible = 0;
			defaultConfigurationName = Release;
		};
		E522F8A0205534AB008DE59B /* Build configuration list for PBXProject "FeedStar" */ = {
			isa = XCConfigurationList;
			buildConfigurations = (
				E522F8C0205534AB008DE59B /* Debug */,
				E522F8C1205534AB008DE59B /* Release */,
				E573CE4E205AACBB0060715B /* Adhoc */,
			);
			defaultConfigurationIsVisible = 0;
			defaultConfigurationName = Release;
		};
		E522F8C2205534AB008DE59B /* Build configuration list for PBXNativeTarget "FeedStar" */ = {
			isa = XCConfigurationList;
			buildConfigurations = (
				E522F8C3205534AB008DE59B /* Debug */,
				E522F8C4205534AB008DE59B /* Release */,
				E573CE4F205AACBB0060715B /* Adhoc */,
			);
			defaultConfigurationIsVisible = 0;
			defaultConfigurationName = Release;
		};
		E58B19E5206698FF000F6600 /* Build configuration list for PBXNativeTarget "FeedStarTests" */ = {
			isa = XCConfigurationList;
			buildConfigurations = (
				E58B19E6206698FF000F6600 /* Debug */,
				E58B19E7206698FF000F6600 /* Release */,
				E58B19E8206698FF000F6600 /* Adhoc */,
			);
			defaultConfigurationIsVisible = 0;
			defaultConfigurationName = Release;
		};
/* End XCConfigurationList section */
	};
	rootObject = E522F89D205534AB008DE59B /* Project object */;
}
